{
    "_meta": {
        "hash": {
            "sha256": "6bb1c0773362170754bbbe6e666d0fab48946f81454f3232f5ea4409f443e1da"
        },
        "pipfile-spec": 6,
        "requires": {
            "python_version": "3.9"
        },
        "sources": [
            {
                "name": "pypi",
                "url": "https://pypi.org/simple",
                "verify_ssl": true
            }
        ]
    },
    "default": {
        "graphviz": {
            "hashes": [
                "sha256:62c5f48bcc534a45b4588c548ff75e419c1f1f3a33d31a91796ae80a7f581e4a",
                "sha256:76bdfb73f42e72564ffe9c7299482f9d72f8e6cb8d54bce7b48ab323755e9ba5"
            ],
            "index": "pypi",
            "version": "==0.20"
        }
    },
    "develop": {}
}
